PODS:
  - OALayoutAnchor (0.2.0)

DEPENDENCIES:
  - OALayoutAnchor (from `git@github.com:Pretz/OALayoutAnchor.git`)

EXTERNAL SOURCES:
  OALayoutAnchor:
    :git: git@github.com:Pretz/OALayoutAnchor.git

CHECKOUT OPTIONS:
  OALayoutAnchor:
    :commit: 8bc472ef9ddf138641dee2bad2877581b00c2c5a
    :git: git@github.com:Pretz/OALayoutAnchor.git

SPEC CHECKSUMS:
  OALayoutAnchor: 28eb0bc87484848f3b8df5170c915f4847811398

COCOAPODS: 0.39.0
